// !$*UTF8*$!
{
	archiveVersion = 1;
	classes = {
	};
	objectVersion = 56;
	objects = {

/* Begin PBXBuildFile section */
		0464099E2AFCCDE6007804D4 /* WABaseInfoView.swift in Sources */ = {isa = PBXBuildFile; fileRef = 0464099D2AFCCDE6007804D4 /* WABaseInfoView.swift */; };
		046409A12AFE30E1007804D4 /* TimerView.swift in Sources */ = {isa = PBXBuildFile; fileRef = 046409A02AFE30E1007804D4 /* TimerView.swift */; };
		046409A42AFE320A007804D4 /* ProgressView.swift in Sources */ = {isa = PBXBuildFile; fileRef = 046409A32AFE320A007804D4 /* ProgressView.swift */; };
		0482E1E42B0B8FE400216CE3 /* PercentPercentView.swift in Sources */ = {isa = PBXBuildFile; fileRef = 0482E1E32B0B8FE400216CE3 /* PercentPercentView.swift */; };
		0482E1E82B0DE22300216CE3 /* StatsView.swift in Sources */ = {isa = PBXBuildFile; fileRef = 0482E1E72B0DE22300216CE3 /* StatsView.swift */; };
		0482E1EB2B0DE2AE00216CE3 /* StatsItemView.swift in Sources */ = {isa = PBXBuildFile; fileRef = 0482E1EA2B0DE2AE00216CE3 /* StatsItemView.swift */; };
		049585412AC01F270010F0E8 /* AppDelegate.swift in Sources */ = {isa = PBXBuildFile; fileRef = 049585402AC01F270010F0E8 /* AppDelegate.swift */; };
		049585432AC01F270010F0E8 /* SceneDelegate.swift in Sources */ = {isa = PBXBuildFile; fileRef = 049585422AC01F270010F0E8 /* SceneDelegate.swift */; };
		049585452AC01F270010F0E8 /* OverviewController.swift in Sources */ = {isa = PBXBuildFile; fileRef = 049585442AC01F270010F0E8 /* OverviewController.swift */; };
		0495854A2AC01F290010F0E8 /* Assets.xcassets in Resources */ = {isa = PBXBuildFile; fileRef = 049585492AC01F290010F0E8 /* Assets.xcassets */; };
		0495854D2AC01F290010F0E8 /* LaunchScreen.storyboard in Resources */ = {isa = PBXBuildFile; fileRef = 0495854B2AC01F290010F0E8 /* LaunchScreen.storyboard */; };
		049585572AC023A50010F0E8 /* TabBarController.swift in Sources */ = {isa = PBXBuildFile; fileRef = 049585562AC023A50010F0E8 /* TabBarController.swift */; };
		0495855A2AC024C40010F0E8 /* UIColor + Extension.swift in Sources */ = {isa = PBXBuildFile; fileRef = 049585592AC024C40010F0E8 /* UIColor + Extension.swift */; };
		0495855D2AC025D00010F0E8 /* Resources.swift in Sources */ = {isa = PBXBuildFile; fileRef = 0495855C2AC025D00010F0E8 /* Resources.swift */; };
		0495855F2AC037D00010F0E8 /* NavBarController.swift in Sources */ = {isa = PBXBuildFile; fileRef = 0495855E2AC037CF0010F0E8 /* NavBarController.swift */; };
		049585622AC03B7A0010F0E8 /* BaseController.swift in Sources */ = {isa = PBXBuildFile; fileRef = 049585612AC03B7A0010F0E8 /* BaseController.swift */; };
		049585642AC040280010F0E8 /* UIView + Extension.swift in Sources */ = {isa = PBXBuildFile; fileRef = 049585632AC040280010F0E8 /* UIView + Extension.swift */; };
		0495856C2AC043220010F0E8 /* SessionController.swift in Sources */ = {isa = PBXBuildFile; fileRef = 0495856B2AC043220010F0E8 /* SessionController.swift */; };
		0495856E2AC043320010F0E8 /* ProgressController.swift in Sources */ = {isa = PBXBuildFile; fileRef = 0495856D2AC043320010F0E8 /* ProgressController.swift */; };
		049585702AC043420010F0E8 /* SettingsController.swift in Sources */ = {isa = PBXBuildFile; fileRef = 0495856F2AC043420010F0E8 /* SettingsController.swift */; };
		049585732AC0857C0010F0E8 /* WAButton.swift in Sources */ = {isa = PBXBuildFile; fileRef = 049585722AC0857C0010F0E8 /* WAButton.swift */; };
		04A140F72B0F661100F6E1B5 /* StepsView.swift in Sources */ = {isa = PBXBuildFile; fileRef = 04A140F62B0F661100F6E1B5 /* StepsView.swift */; };
		04A140FA2B0F682E00F6E1B5 /* WABarsView.swift in Sources */ = {isa = PBXBuildFile; fileRef = 04A140F92B0F682E00F6E1B5 /* WABarsView.swift */; };
		04A140FD2B0F686200F6E1B5 /* WABarView.swift in Sources */ = {isa = PBXBuildFile; fileRef = 04A140FC2B0F686200F6E1B5 /* WABarView.swift */; };
		04A141012B106C3E00F6E1B5 /* DailyPerformaceView.swift in Sources */ = {isa = PBXBuildFile; fileRef = 04A141002B106C3E00F6E1B5 /* DailyPerformaceView.swift */; };
		04CC581B2AFA375E00C51DFD /* OverviewNavBar.swift in Sources */ = {isa = PBXBuildFile; fileRef = 04CC581A2AFA375E00C51DFD /* OverviewNavBar.swift */; };
		04CC581D2AFA37EF00C51DFD /* WABaseView.swift in Sources */ = {isa = PBXBuildFile; fileRef = 04CC581C2AFA37EF00C51DFD /* WABaseView.swift */; };
		04CC58202AFB9A9500C51DFD /* WeekView.swift in Sources */ = {isa = PBXBuildFile; fileRef = 04CC581F2AFB9A9500C51DFD /* WeekView.swift */; };
		04CC58222AFB9D6700C51DFD /* WeekdayView.swift in Sources */ = {isa = PBXBuildFile; fileRef = 04CC58212AFB9D6700C51DFD /* WeekdayView.swift */; };
		04CC58242AFBA3DB00C51DFD /* Date + Extension.swift in Sources */ = {isa = PBXBuildFile; fileRef = 04CC58232AFBA3DB00C51DFD /* Date + Extension.swift */; };
/* End PBXBuildFile section */

/* Begin PBXFileReference section */
		0464099D2AFCCDE6007804D4 /* WABaseInfoView.swift */ = {isa = PBXFileReference; lastKnownFileType = sourcecode.swift; path = WABaseInfoView.swift; sourceTree = "<group>"; };
		046409A02AFE30E1007804D4 /* TimerView.swift */ = {isa = PBXFileReference; lastKnownFileType = sourcecode.swift; path = TimerView.swift; sourceTree = "<group>"; };
		046409A32AFE320A007804D4 /* ProgressView.swift */ = {isa = PBXFileReference; lastKnownFileType = sourcecode.swift; path = ProgressView.swift; sourceTree = "<group>"; };
		0482E1E32B0B8FE400216CE3 /* PercentPercentView.swift */ = {isa = PBXFileReference; lastKnownFileType = sourcecode.swift; path = PercentPercentView.swift; sourceTree = "<group>"; };
		0482E1E72B0DE22300216CE3 /* StatsView.swift */ = {isa = PBXFileReference; lastKnownFileType = sourcecode.swift; path = StatsView.swift; sourceTree = "<group>"; };
		0482E1EA2B0DE2AE00216CE3 /* StatsItemView.swift */ = {isa = PBXFileReference; lastKnownFileType = sourcecode.swift; path = StatsItemView.swift; sourceTree = "<group>"; };
		0495853D2AC01F270010F0E8 /* WorkoutApp.app */ = {isa = PBXFileReference; explicitFileType = wrapper.application; includeInIndex = 0; path = WorkoutApp.app; sourceTree = BUILT_PRODUCTS_DIR; };
		049585402AC01F270010F0E8 /* AppDelegate.swift */ = {isa = PBXFileReference; lastKnownFileType = sourcecode.swift; path = AppDelegate.swift; sourceTree = "<group>"; };
		049585422AC01F270010F0E8 /* SceneDelegate.swift */ = {isa = PBXFileReference; lastKnownFileType = sourcecode.swift; path = SceneDelegate.swift; sourceTree = "<group>"; };
		049585442AC01F270010F0E8 /* OverviewController.swift */ = {isa = PBXFileReference; lastKnownFileType = sourcecode.swift; path = OverviewController.swift; sourceTree = "<group>"; };
		049585492AC01F290010F0E8 /* Assets.xcassets */ = {isa = PBXFileReference; lastKnownFileType = folder.assetcatalog; path = Assets.xcassets; sourceTree = "<group>"; };
		0495854C2AC01F290010F0E8 /* Base */ = {isa = PBXFileReference; lastKnownFileType = file.storyboard; name = Base; path = Base.lproj/LaunchScreen.storyboard; sourceTree = "<group>"; };
		0495854E2AC01F290010F0E8 /* Info.plist */ = {isa = PBXFileReference; lastKnownFileType = text.plist.xml; path = Info.plist; sourceTree = "<group>"; };
		049585562AC023A50010F0E8 /* TabBarController.swift */ = {isa = PBXFileReference; lastKnownFileType = sourcecode.swift; path = TabBarController.swift; sourceTree = "<group>"; };
		049585592AC024C40010F0E8 /* UIColor + Extension.swift */ = {isa = PBXFileReference; lastKnownFileType = sourcecode.swift; path = "UIColor + Extension.swift"; sourceTree = "<group>"; };
		0495855C2AC025D00010F0E8 /* Resources.swift */ = {isa = PBXFileReference; lastKnownFileType = sourcecode.swift; path = Resources.swift; sourceTree = "<group>"; };
		0495855E2AC037CF0010F0E8 /* NavBarController.swift */ = {isa = PBXFileReference; lastKnownFileType = sourcecode.swift; path = NavBarController.swift; sourceTree = "<group>"; };
		049585612AC03B7A0010F0E8 /* BaseController.swift */ = {isa = PBXFileReference; lastKnownFileType = sourcecode.swift; path = BaseController.swift; sourceTree = "<group>"; };
		049585632AC040280010F0E8 /* UIView + Extension.swift */ = {isa = PBXFileReference; lastKnownFileType = sourcecode.swift; path = "UIView + Extension.swift"; sourceTree = "<group>"; };
		0495856B2AC043220010F0E8 /* SessionController.swift */ = {isa = PBXFileReference; lastKnownFileType = sourcecode.swift; path = SessionController.swift; sourceTree = "<group>"; };
		0495856D2AC043320010F0E8 /* ProgressController.swift */ = {isa = PBXFileReference; lastKnownFileType = sourcecode.swift; path = ProgressController.swift; sourceTree = "<group>"; };
		0495856F2AC043420010F0E8 /* SettingsController.swift */ = {isa = PBXFileReference; lastKnownFileType = sourcecode.swift; path = SettingsController.swift; sourceTree = "<group>"; };
		049585722AC0857C0010F0E8 /* WAButton.swift */ = {isa = PBXFileReference; lastKnownFileType = sourcecode.swift; path = WAButton.swift; sourceTree = "<group>"; };
		04A140F62B0F661100F6E1B5 /* StepsView.swift */ = {isa = PBXFileReference; lastKnownFileType = sourcecode.swift; path = StepsView.swift; sourceTree = "<group>"; };
		04A140F92B0F682E00F6E1B5 /* WABarsView.swift */ = {isa = PBXFileReference; lastKnownFileType = sourcecode.swift; path = WABarsView.swift; sourceTree = "<group>"; };
		04A140FC2B0F686200F6E1B5 /* WABarView.swift */ = {isa = PBXFileReference; lastKnownFileType = sourcecode.swift; path = WABarView.swift; sourceTree = "<group>"; };
		04A141002B106C3E00F6E1B5 /* DailyPerformaceView.swift */ = {isa = PBXFileReference; lastKnownFileType = sourcecode.swift; path = DailyPerformaceView.swift; sourceTree = "<group>"; };
		04CC581A2AFA375E00C51DFD /* OverviewNavBar.swift */ = {isa = PBXFileReference; lastKnownFileType = sourcecode.swift; path = OverviewNavBar.swift; sourceTree = "<group>"; };
		04CC581C2AFA37EF00C51DFD /* WABaseView.swift */ = {isa = PBXFileReference; lastKnownFileType = sourcecode.swift; path = WABaseView.swift; sourceTree = "<group>"; };
		04CC581F2AFB9A9500C51DFD /* WeekView.swift */ = {isa = PBXFileReference; lastKnownFileType = sourcecode.swift; path = WeekView.swift; sourceTree = "<group>"; };
		04CC58212AFB9D6700C51DFD /* WeekdayView.swift */ = {isa = PBXFileReference; lastKnownFileType = sourcecode.swift; path = WeekdayView.swift; sourceTree = "<group>"; };
		04CC58232AFBA3DB00C51DFD /* Date + Extension.swift */ = {isa = PBXFileReference; lastKnownFileType = sourcecode.swift; path = "Date + Extension.swift"; sourceTree = "<group>"; };
/* End PBXFileReference section */

/* Begin PBXFrameworksBuildPhase section */
		0495853A2AC01F270010F0E8 /* Frameworks */ = {
			isa = PBXFrameworksBuildPhase;
			buildActionMask = 2147483647;
			files = (
			);
			runOnlyForDeploymentPostprocessing = 0;
		};
/* End PBXFrameworksBuildPhase section */

/* Begin PBXGroup section */
		0464099C2AFCCDC5007804D4 /* Views */ = {
			isa = PBXGroup;
			children = (
				04A140F82B0F67F900F6E1B5 /* WABarsView */,
				04CC581C2AFA37EF00C51DFD /* WABaseView.swift */,
				0464099D2AFCCDE6007804D4 /* WABaseInfoView.swift */,
			);
			path = Views;
			sourceTree = "<group>";
		};
		0464099F2AFE30A1007804D4 /* Views */ = {
			isa = PBXGroup;
			children = (
				046409A22AFE31E6007804D4 /* Timer */,
				0482E1E52B0DDE1800216CE3 /* Stats */,
				0482E1E62B0DDE2100216CE3 /* Steps */,
			);
			path = Views;
			sourceTree = "<group>";
		};
		046409A22AFE31E6007804D4 /* Timer */ = {
			isa = PBXGroup;
			children = (
				046409A02AFE30E1007804D4 /* TimerView.swift */,
				046409A32AFE320A007804D4 /* ProgressView.swift */,
				0482E1E32B0B8FE400216CE3 /* PercentPercentView.swift */,
			);
			path = Timer;
			sourceTree = "<group>";
		};
		0482E1E22B0B3CBA00216CE3 /* Navigation */ = {
			isa = PBXGroup;
			children = (
				049585562AC023A50010F0E8 /* TabBarController.swift */,
				0495855E2AC037CF0010F0E8 /* NavBarController.swift */,
			);
			path = Navigation;
			sourceTree = "<group>";
		};
		0482E1E52B0DDE1800216CE3 /* Stats */ = {
			isa = PBXGroup;
			children = (
				0482E1E92B0DE28300216CE3 /* Views */,
				0482E1E72B0DE22300216CE3 /* StatsView.swift */,
			);
			path = Stats;
			sourceTree = "<group>";
		};
		0482E1E62B0DDE2100216CE3 /* Steps */ = {
			isa = PBXGroup;
			children = (
				04A140F62B0F661100F6E1B5 /* StepsView.swift */,
			);
			path = Steps;
			sourceTree = "<group>";
		};
		0482E1E92B0DE28300216CE3 /* Views */ = {
			isa = PBXGroup;
			children = (
				0482E1EA2B0DE2AE00216CE3 /* StatsItemView.swift */,
			);
			path = Views;
			sourceTree = "<group>";
		};
		049585342AC01F270010F0E8 = {
			isa = PBXGroup;
			children = (
				0495853F2AC01F270010F0E8 /* WorkoutApp */,
				0495853E2AC01F270010F0E8 /* Products */,
			);
			sourceTree = "<group>";
		};
		0495853E2AC01F270010F0E8 /* Products */ = {
			isa = PBXGroup;
			children = (
				0495853D2AC01F270010F0E8 /* WorkoutApp.app */,
			);
			name = Products;
			sourceTree = "<group>";
		};
		0495853F2AC01F270010F0E8 /* WorkoutApp */ = {
			isa = PBXGroup;
			children = (
				049585582AC024A10010F0E8 /* Helpers */,
				049585542AC020190010F0E8 /* Application */,
				049585602AC03B3F0010F0E8 /* Controllers */,
				049585552AC020520010F0E8 /* SupportingFiles */,
			);
			path = WorkoutApp;
			sourceTree = "<group>";
		};
		049585542AC020190010F0E8 /* Application */ = {
			isa = PBXGroup;
			children = (
				049585402AC01F270010F0E8 /* AppDelegate.swift */,
				049585422AC01F270010F0E8 /* SceneDelegate.swift */,
			);
			path = Application;
			sourceTree = "<group>";
		};
		049585552AC020520010F0E8 /* SupportingFiles */ = {
			isa = PBXGroup;
			children = (
				049585492AC01F290010F0E8 /* Assets.xcassets */,
				0495854B2AC01F290010F0E8 /* LaunchScreen.storyboard */,
				0495854E2AC01F290010F0E8 /* Info.plist */,
			);
			path = SupportingFiles;
			sourceTree = "<group>";
		};
		049585582AC024A10010F0E8 /* Helpers */ = {
			isa = PBXGroup;
			children = (
				0495855B2AC024DE0010F0E8 /* Extensions */,
				0495855C2AC025D00010F0E8 /* Resources.swift */,
			);
			path = Helpers;
			sourceTree = "<group>";
		};
		0495855B2AC024DE0010F0E8 /* Extensions */ = {
			isa = PBXGroup;
			children = (
				049585592AC024C40010F0E8 /* UIColor + Extension.swift */,
				049585632AC040280010F0E8 /* UIView + Extension.swift */,
				04CC58232AFBA3DB00C51DFD /* Date + Extension.swift */,
			);
			path = Extensions;
			sourceTree = "<group>";
		};
		049585602AC03B3F0010F0E8 /* Controllers */ = {
			isa = PBXGroup;
			children = (
				0482E1E22B0B3CBA00216CE3 /* Navigation */,
				049585672AC042AF0010F0E8 /* Overview */,
				049585682AC042DC0010F0E8 /* Session */,
				049585692AC042E40010F0E8 /* Progress */,
				0495856A2AC042F70010F0E8 /* Settings */,
				049585662AC042970010F0E8 /* Base */,
			);
			path = Controllers;
			sourceTree = "<group>";
		};
		049585662AC042970010F0E8 /* Base */ = {
			isa = PBXGroup;
			children = (
				0464099C2AFCCDC5007804D4 /* Views */,
				049585722AC0857C0010F0E8 /* WAButton.swift */,
				049585612AC03B7A0010F0E8 /* BaseController.swift */,
			);
			path = Base;
			sourceTree = "<group>";
		};
		049585672AC042AF0010F0E8 /* Overview */ = {
			isa = PBXGroup;
			children = (
				049585712AC0853E0010F0E8 /* Views */,
				049585442AC01F270010F0E8 /* OverviewController.swift */,
			);
			path = Overview;
			sourceTree = "<group>";
		};
		049585682AC042DC0010F0E8 /* Session */ = {
			isa = PBXGroup;
			children = (
				0464099F2AFE30A1007804D4 /* Views */,
				0495856B2AC043220010F0E8 /* SessionController.swift */,
			);
			path = Session;
			sourceTree = "<group>";
		};
		049585692AC042E40010F0E8 /* Progress */ = {
			isa = PBXGroup;
			children = (
				04A140FE2B106C0A00F6E1B5 /* Views */,
				0495856D2AC043320010F0E8 /* ProgressController.swift */,
			);
			path = Progress;
			sourceTree = "<group>";
		};
		0495856A2AC042F70010F0E8 /* Settings */ = {
			isa = PBXGroup;
			children = (
				0495856F2AC043420010F0E8 /* SettingsController.swift */,
			);
			path = Settings;
			sourceTree = "<group>";
		};
		049585712AC0853E0010F0E8 /* Views */ = {
			isa = PBXGroup;
			children = (
				04CC581E2AFB9A7200C51DFD /* WeekView */,
				04CC581A2AFA375E00C51DFD /* OverviewNavBar.swift */,
			);
			path = Views;
			sourceTree = "<group>";
		};
		04A140F82B0F67F900F6E1B5 /* WABarsView */ = {
			isa = PBXGroup;
			children = (
				04A140FB2B0F684400F6E1B5 /* Views */,
				04A140F92B0F682E00F6E1B5 /* WABarsView.swift */,
			);
			path = WABarsView;
			sourceTree = "<group>";
		};
		04A140FB2B0F684400F6E1B5 /* Views */ = {
			isa = PBXGroup;
			children = (
				04A140FC2B0F686200F6E1B5 /* WABarView.swift */,
			);
			path = Views;
			sourceTree = "<group>";
		};
		04A140FE2B106C0A00F6E1B5 /* Views */ = {
			isa = PBXGroup;
			children = (
				04A140FF2B106C1300F6E1B5 /* Performance */,
			);
			path = Views;
			sourceTree = "<group>";
		};
		04A140FF2B106C1300F6E1B5 /* Performance */ = {
			isa = PBXGroup;
			children = (
				04A141002B106C3E00F6E1B5 /* DailyPerformaceView.swift */,
			);
			path = Performance;
			sourceTree = "<group>";
		};
		04CC581E2AFB9A7200C51DFD /* WeekView */ = {
			isa = PBXGroup;
			children = (
				04CC581F2AFB9A9500C51DFD /* WeekView.swift */,
				04CC58212AFB9D6700C51DFD /* WeekdayView.swift */,
			);
			path = WeekView;
			sourceTree = "<group>";
		};
/* End PBXGroup section */

/* Begin PBXNativeTarget section */
		0495853C2AC01F270010F0E8 /* WorkoutApp */ = {
			isa = PBXNativeTarget;
			buildConfigurationList = 049585512AC01F290010F0E8 /* Build configuration list for PBXNativeTarget "WorkoutApp" */;
			buildPhases = (
				049585392AC01F270010F0E8 /* Sources */,
				0495853A2AC01F270010F0E8 /* Frameworks */,
				0495853B2AC01F270010F0E8 /* Resources */,
			);
			buildRules = (
			);
			dependencies = (
			);
			name = WorkoutApp;
			productName = WorkoutApp;
			productReference = 0495853D2AC01F270010F0E8 /* WorkoutApp.app */;
			productType = "com.apple.product-type.application";
		};
/* End PBXNativeTarget section */

/* Begin PBXProject section */
		049585352AC01F270010F0E8 /* Project object */ = {
			isa = PBXProject;
			attributes = {
				BuildIndependentTargetsInParallel = 1;
				LastSwiftUpdateCheck = 1410;
				LastUpgradeCheck = 1410;
				TargetAttributes = {
					0495853C2AC01F270010F0E8 = {
						CreatedOnToolsVersion = 14.1;
					};
				};
			};
			buildConfigurationList = 049585382AC01F270010F0E8 /* Build configuration list for PBXProject "WorkoutApp" */;
			compatibilityVersion = "Xcode 14.0";
			developmentRegion = en;
			hasScannedForEncodings = 0;
			knownRegions = (
				en,
				Base,
			);
			mainGroup = 049585342AC01F270010F0E8;
			productRefGroup = 0495853E2AC01F270010F0E8 /* Products */;
			projectDirPath = "";
			projectRoot = "";
			targets = (
				0495853C2AC01F270010F0E8 /* WorkoutApp */,
			);
		};
/* End PBXProject section */

/* Begin PBXResourcesBuildPhase section */
		0495853B2AC01F270010F0E8 /* Resources */ = {
			isa = PBXResourcesBuildPhase;
			buildActionMask = 2147483647;
			files = (
				0495854D2AC01F290010F0E8 /* LaunchScreen.storyboard in Resources */,
				0495854A2AC01F290010F0E8 /* Assets.xcassets in Resources */,
			);
			runOnlyForDeploymentPostprocessing = 0;
		};
/* End PBXResourcesBuildPhase section */

/* Begin PBXSourcesBuildPhase section */
		049585392AC01F270010F0E8 /* Sources */ = {
			isa = PBXSourcesBuildPhase;
			buildActionMask = 2147483647;
			files = (
				04A140FD2B0F686200F6E1B5 /* WABarView.swift in Sources */,
				04CC58202AFB9A9500C51DFD /* WeekView.swift in Sources */,
				04A141012B106C3E00F6E1B5 /* DailyPerformaceView.swift in Sources */,
				049585702AC043420010F0E8 /* SettingsController.swift in Sources */,
				049585452AC01F270010F0E8 /* OverviewController.swift in Sources */,
				0482E1EB2B0DE2AE00216CE3 /* StatsItemView.swift in Sources */,
				04CC581B2AFA375E00C51DFD /* OverviewNavBar.swift in Sources */,
				049585572AC023A50010F0E8 /* TabBarController.swift in Sources */,
				049585412AC01F270010F0E8 /* AppDelegate.swift in Sources */,
				0495855F2AC037D00010F0E8 /* NavBarController.swift in Sources */,
				0495856C2AC043220010F0E8 /* SessionController.swift in Sources */,
				049585732AC0857C0010F0E8 /* WAButton.swift in Sources */,
				0464099E2AFCCDE6007804D4 /* WABaseInfoView.swift in Sources */,
				046409A12AFE30E1007804D4 /* TimerView.swift in Sources */,
				046409A42AFE320A007804D4 /* ProgressView.swift in Sources */,
				04A140F72B0F661100F6E1B5 /* StepsView.swift in Sources */,
				0495856E2AC043320010F0E8 /* ProgressController.swift in Sources */,
				0495855D2AC025D00010F0E8 /* Resources.swift in Sources */,
				04CC58242AFBA3DB00C51DFD /* Date + Extension.swift in Sources */,
				049585432AC01F270010F0E8 /* SceneDelegate.swift in Sources */,
				0482E1E42B0B8FE400216CE3 /* PercentPercentView.swift in Sources */,
				049585622AC03B7A0010F0E8 /* BaseController.swift in Sources */,
				04CC581D2AFA37EF00C51DFD /* WABaseView.swift in Sources */,
				04CC58222AFB9D6700C51DFD /* WeekdayView.swift in Sources */,
				04A140FA2B0F682E00F6E1B5 /* WABarsView.swift in Sources */,
				0482E1E82B0DE22300216CE3 /* StatsView.swift in Sources */,
				0495855A2AC024C40010F0E8 /* UIColor + Extension.swift in Sources */,
				049585642AC040280010F0E8 /* UIView + Extension.swift in Sources */,
			);
			runOnlyForDeploymentPostprocessing = 0;
		};
/* End PBXSourcesBuildPhase section */

/* Begin PBXVariantGroup section */
		0495854B2AC01F290010F0E8 /* LaunchScreen.storyboard */ = {
			isa = PBXVariantGroup;
			children = (
				0495854C2AC01F290010F0E8 /* Base */,
			);
			name = LaunchScreen.storyboard;
			sourceTree = "<group>";
		};
/* End PBXVariantGroup section */

/* Begin XCBuildConfiguration section */
		0495854F2AC01F290010F0E8 /* Debug */ = {
			isa = XCBuildConfiguration;
			buildSettings = {
				ALWAYS_SEARCH_USER_PATHS = NO;
				CLANG_ANALYZER_NONNULL = YES;
				CLANG_ANALYZER_NUMBER_OBJECT_CONVERSION = YES_AGGRESSIVE;
				CLANG_CXX_LANGUAGE_STANDARD = "gnu++20";
				CLANG_ENABLE_MODULES = YES;
				CLANG_ENABLE_OBJC_ARC = YES;
				CLANG_ENABLE_OBJC_WEAK = YES;
				CLANG_WARN_BLOCK_CAPTURE_AUTORELEASING = YES;
				CLANG_WARN_BOOL_CONVERSION = YES;
				CLANG_WARN_COMMA = YES;
				CLANG_WARN_CONSTANT_CONVERSION = YES;
				CLANG_WARN_DEPRECATED_OBJC_IMPLEMENTATIONS = YES;
				CLANG_WARN_DIRECT_OBJC_ISA_USAGE = YES_ERROR;
				CLANG_WARN_DOCUMENTATION_COMMENTS = YES;
				CLANG_WARN_EMPTY_BODY = YES;
				CLANG_WARN_ENUM_CONVERSION = YES;
				CLANG_WARN_INFINITE_RECURSION = YES;
				CLANG_WARN_INT_CONVERSION = YES;
				CLANG_WARN_NON_LITERAL_NULL_CONVERSION = YES;
				CLANG_WARN_OBJC_IMPLICIT_RETAIN_SELF = YES;
				CLANG_WARN_OBJC_LITERAL_CONVERSION = YES;
				CLANG_WARN_OBJC_ROOT_CLASS = YES_ERROR;
				CLANG_WARN_QUOTED_INCLUDE_IN_FRAMEWORK_HEADER = YES;
				CLANG_WARN_RANGE_LOOP_ANALYSIS = YES;
				CLANG_WARN_STRICT_PROTOTYPES = YES;
				CLANG_WARN_SUSPICIOUS_MOVE = YES;
				CLANG_WARN_UNGUARDED_AVAILABILITY = YES_AGGRESSIVE;
				CLANG_WARN_UNREACHABLE_CODE = YES;
				CLANG_WARN__DUPLICATE_METHOD_MATCH = YES;
				COPY_PHASE_STRIP = NO;
				DEBUG_INFORMATION_FORMAT = dwarf;
				ENABLE_STRICT_OBJC_MSGSEND = YES;
				ENABLE_TESTABILITY = YES;
				GCC_C_LANGUAGE_STANDARD = gnu11;
				GCC_DYNAMIC_NO_PIC = NO;
				GCC_NO_COMMON_BLOCKS = YES;
				GCC_OPTIMIZATION_LEVEL = 0;
				GCC_PREPROCESSOR_DEFINITIONS = (
					"DEBUG=1",
					"$(inherited)",
				);
				GCC_WARN_64_TO_32_BIT_CONVERSION = YES;
				GCC_WARN_ABOUT_RETURN_TYPE = YES_ERROR;
				GCC_WARN_UNDECLARED_SELECTOR = YES;
				GCC_WARN_UNINITIALIZED_AUTOS = YES_AGGRESSIVE;
				GCC_WARN_UNUSED_FUNCTION = YES;
				GCC_WARN_UNUSED_VARIABLE = YES;
				IPHONEOS_DEPLOYMENT_TARGET = 16.1;
				MTL_ENABLE_DEBUG_INFO = INCLUDE_SOURCE;
				MTL_FAST_MATH = YES;
				ONLY_ACTIVE_ARCH = YES;
				SDKROOT = iphoneos;
				SWIFT_ACTIVE_COMPILATION_CONDITIONS = DEBUG;
				SWIFT_OPTIMIZATION_LEVEL = "-Onone";
			};
			name = Debug;
		};
		049585502AC01F290010F0E8 /* Release */ = {
			isa = XCBuildConfiguration;
			buildSettings = {
				ALWAYS_SEARCH_USER_PATHS = NO;
				CLANG_ANALYZER_NONNULL = YES;
				CLANG_ANALYZER_NUMBER_OBJECT_CONVERSION = YES_AGGRESSIVE;
				CLANG_CXX_LANGUAGE_STANDARD = "gnu++20";
				CLANG_ENABLE_MODULES = YES;
				CLANG_ENABLE_OBJC_ARC = YES;
				CLANG_ENABLE_OBJC_WEAK = YES;
				CLANG_WARN_BLOCK_CAPTURE_AUTORELEASING = YES;
				CLANG_WARN_BOOL_CONVERSION = YES;
				CLANG_WARN_COMMA = YES;
				CLANG_WARN_CONSTANT_CONVERSION = YES;
				CLANG_WARN_DEPRECATED_OBJC_IMPLEMENTATIONS = YES;
				CLANG_WARN_DIRECT_OBJC_ISA_USAGE = YES_ERROR;
				CLANG_WARN_DOCUMENTATION_COMMENTS = YES;
				CLANG_WARN_EMPTY_BODY = YES;
				CLANG_WARN_ENUM_CONVERSION = YES;
				CLANG_WARN_INFINITE_RECURSION = YES;
				CLANG_WARN_INT_CONVERSION = YES;
				CLANG_WARN_NON_LITERAL_NULL_CONVERSION = YES;
				CLANG_WARN_OBJC_IMPLICIT_RETAIN_SELF = YES;
				CLANG_WARN_OBJC_LITERAL_CONVERSION = YES;
				CLANG_WARN_OBJC_ROOT_CLASS = YES_ERROR;
				CLANG_WARN_QUOTED_INCLUDE_IN_FRAMEWORK_HEADER = YES;
				CLANG_WARN_RANGE_LOOP_ANALYSIS = YES;
				CLANG_WARN_STRICT_PROTOTYPES = YES;
				CLANG_WARN_SUSPICIOUS_MOVE = YES;
				CLANG_WARN_UNGUARDED_AVAILABILITY = YES_AGGRESSIVE;
				CLANG_WARN_UNREACHABLE_CODE = YES;
				CLANG_WARN__DUPLICATE_METHOD_MATCH = YES;
				COPY_PHASE_STRIP = NO;
				DEBUG_INFORMATION_FORMAT = "dwarf-with-dsym";
				ENABLE_NS_ASSERTIONS = NO;
				ENABLE_STRICT_OBJC_MSGSEND = YES;
				GCC_C_LANGUAGE_STANDARD = gnu11;
				GCC_NO_COMMON_BLOCKS = YES;
				GCC_WARN_64_TO_32_BIT_CONVERSION = YES;
				GCC_WARN_ABOUT_RETURN_TYPE = YES_ERROR;
				GCC_WARN_UNDECLARED_SELECTOR = YES;
				GCC_WARN_UNINITIALIZED_AUTOS = YES_AGGRESSIVE;
				GCC_WARN_UNUSED_FUNCTION = YES;
				GCC_WARN_UNUSED_VARIABLE = YES;
				IPHONEOS_DEPLOYMENT_TARGET = 16.1;
				MTL_ENABLE_DEBUG_INFO = NO;
				MTL_FAST_MATH = YES;
				SDKROOT = iphoneos;
				SWIFT_COMPILATION_MODE = wholemodule;
				SWIFT_OPTIMIZATION_LEVEL = "-O";
				VALIDATE_PRODUCT = YES;
			};
			name = Release;
		};
		049585522AC01F290010F0E8 /* Debug */ = {
			isa = XCBuildConfiguration;
			buildSettings = {
				ASSETCATALOG_COMPILER_APPICON_NAME = AppIcon;
				ASSETCATALOG_COMPILER_GLOBAL_ACCENT_COLOR_NAME = AccentColor;
				CODE_SIGN_STYLE = Automatic;
				CURRENT_PROJECT_VERSION = 1;
				DEVELOPMENT_TEAM = 42W442X4KT;
				GENERATE_INFOPLIST_FILE = YES;
				INFOPLIST_FILE = WorkoutApp/SupportingFiles/Info.plist;
				INFOPLIST_KEY_UIApplicationSupportsIndirectInputEvents = YES;
				INFOPLIST_KEY_UILaunchStoryboardName = LaunchScreen;
				INFOPLIST_KEY_UIMainStoryboardFile = "";
				INFOPLIST_KEY_UISupportedInterfaceOrientations = UIInterfaceOrientationPortrait;
				LD_RUNPATH_SEARCH_PATHS = (
					"$(inherited)",
					"@executable_path/Frameworks",
				);
				MARKETING_VERSION = 1.0;
				PRODUCT_BUNDLE_IDENTIFIER = KD.WorkoutApp;
				PRODUCT_NAME = "$(TARGET_NAME)";
				SWIFT_EMIT_LOC_STRINGS = YES;
				SWIFT_VERSION = 5.0;
				TARGETED_DEVICE_FAMILY = "1,2";
			};
			name = Debug;
		};
		049585532AC01F290010F0E8 /* Release */ = {
			isa = XCBuildConfiguration;
			buildSettings = {
				ASSETCATALOG_COMPILER_APPICON_NAME = AppIcon;
				ASSETCATALOG_COMPILER_GLOBAL_ACCENT_COLOR_NAME = AccentColor;
				CODE_SIGN_STYLE = Automatic;
				CURRENT_PROJECT_VERSION = 1;
				DEVELOPMENT_TEAM = 42W442X4KT;
				GENERATE_INFOPLIST_FILE = YES;
				INFOPLIST_FILE = WorkoutApp/SupportingFiles/Info.plist;
				INFOPLIST_KEY_UIApplicationSupportsIndirectInputEvents = YES;
				INFOPLIST_KEY_UILaunchStoryboardName = LaunchScreen;
				INFOPLIST_KEY_UIMainStoryboardFile = "";
				INFOPLIST_KEY_UISupportedInterfaceOrientations = UIInterfaceOrientationPortrait;
				LD_RUNPATH_SEARCH_PATHS = (
					"$(inherited)",
					"@executable_path/Frameworks",
				);
				MARKETING_VERSION = 1.0;
				PRODUCT_BUNDLE_IDENTIFIER = KD.WorkoutApp;
				PRODUCT_NAME = "$(TARGET_NAME)";
				SWIFT_EMIT_LOC_STRINGS = YES;
				SWIFT_VERSION = 5.0;
				TARGETED_DEVICE_FAMILY = "1,2";
			};
			name = Release;
		};
/* End XCBuildConfiguration section */

/* Begin XCConfigurationList section */
		049585382AC01F270010F0E8 /* Build configuration list for PBXProject "WorkoutApp" */ = {
			isa = XCConfigurationList;
			buildConfigurations = (
				0495854F2AC01F290010F0E8 /* Debug */,
				049585502AC01F290010F0E8 /* Release */,
			);
			defaultConfigurationIsVisible = 0;
			defaultConfigurationName = Release;
		};
		049585512AC01F290010F0E8 /* Build configuration list for PBXNativeTarget "WorkoutApp" */ = {
			isa = XCConfigurationList;
			buildConfigurations = (
				049585522AC01F290010F0E8 /* Debug */,
				049585532AC01F290010F0E8 /* Release */,
			);
			defaultConfigurationIsVisible = 0;
			defaultConfigurationName = Release;
		};
/* End XCConfigurationList section */
	};
	rootObject = 049585352AC01F270010F0E8 /* Project object */;
}
